
Microsoft Visual Studio Solution File, Format Version 12.00
# Visual Studio Version 16
VisualStudioVersion = 16.0.31205.134
MinimumVisualStudioVersion = 10.0.40219.1
Project("{FAE04EC0-301F-11D3-BF4B-00C04F79EFBC}") = "Draw Line Bresenham's", "Draw Line Bresenham's\Draw Line Bresenham's.csproj", "{DE3BD3DF-4C30-47F3-BDB2-296779D52471}"
EndProject
Global
	GlobalSection(SolutionConfigurationPlatforms) = preSolution
		Debug|Any CPU = Debug|Any CPU
		Release|Any CPU = Release|Any CPU
	EndGlobalSection
	GlobalSection(ProjectConfigurationPlatforms) = postSolution
		{DE3BD3DF-4C30-47F3-BDB2-296779D52471}.Debug|Any CPU.ActiveCfg = Debug|Any CPU
		{DE3BD3DF-4C30-47F3-BDB2-296779D52471}.Debug|Any CPU.Build.0 = Debug|Any CPU
		{DE3BD3DF-4C30-47F3-BDB2-296779D52471}.Release|Any CPU.ActiveCfg = Release|Any CPU
		{DE3BD3DF-4C30-47F3-BDB2-296779D52471}.Release|Any CPU.Build.0 = Release|Any CPU
	EndGlobalSection
	GlobalSection(SolutionProperties) = preSolution
		HideSolutionNode = FALSE
	EndGlobalSection
	GlobalSection(ExtensibilityGlobals) = postSolution
		SolutionGuid = {79DB94D7-C8DE-4DA0-8337-F76462AA98BB}
	EndGlobalSection
EndGlobal
